
Microsoft Visual Studio Solution File, Format Version 12.00
# Visual Studio Version 17
VisualStudioVersion = 17.8.34330.188
MinimumVisualStudioVersion = 10.0.40219.1
Project("{8BC9CEB8-8B4A-11D0-8D11-00A0C91BC942}") = "实验7-3-3-字符串 统计大写辅音字母", "实验7-3-3-字符串 统计大写辅音字母\实验7-3-3-字符串 统计大写辅音字母.vcxproj", "{268AC950-0B70-4403-9E9B-82DE7B373C3A}"
EndProject
Global
	GlobalSection(SolutionConfigurationPlatforms) = preSolution
		Debug|x64 = Debug|x64
		Debug|x86 = Debug|x86
		Release|x64 = Release|x64
		Release|x86 = Release|x86
	EndGlobalSection
	GlobalSection(ProjectConfigurationPlatforms) = postSolution
		{268AC950-0B70-4403-9E9B-82DE7B373C3A}.Debug|x64.ActiveCfg = Debug|x64
		{268AC950-0B70-4403-9E9B-82DE7B373C3A}.Debug|x64.Build.0 = Debug|x64
		{268AC950-0B70-4403-9E9B-82DE7B373C3A}.Debug|x86.ActiveCfg = Debug|Win32
		{268AC950-0B70-4403-9E9B-82DE7B373C3A}.Debug|x86.Build.0 = Debug|Win32
		{268AC950-0B70-4403-9E9B-82DE7B373C3A}.Release|x64.ActiveCfg = Release|x64
		{268AC950-0B70-4403-9E9B-82DE7B373C3A}.Release|x64.Build.0 = Release|x64
		{268AC950-0B70-4403-9E9B-82DE7B373C3A}.Release|x86.ActiveCfg = Release|Win32
		{268AC950-0B70-4403-9E9B-82DE7B373C3A}.Release|x86.Build.0 = Release|Win32
	EndGlobalSection
	GlobalSection(SolutionProperties) = preSolution
		HideSolutionNode = FALSE
	EndGlobalSection
	GlobalSection(ExtensibilityGlobals) = postSolution
		SolutionGuid = {2EE8B4BC-2D38-444E-B334-6B1362655EF4}
	EndGlobalSection
EndGlobal
